
Microsoft Visual Studio Solution File, Format Version 12.00
# Visual Studio 14
VisualStudioVersion = 14.0.25420.1
MinimumVisualStudioVersion = 10.0.40219.1
Project("{FAE04EC0-301F-11D3-BF4B-00C04F79EFBC}") = "02.TranspositionCipher", "02.TranspositionCipher\02.TranspositionCipher.csproj", "{C2CB2B1F-C90C-46A7-9BCA-48C6C72C3DAE}"
EndProject
Project("{FAE04EC0-301F-11D3-BF4B-00C04F79EFBC}") = "05.RollDices", "05.RollDices\05.RollDices.csproj", "{8D92B16B-CED2-402B-90E5-9D8F478ECDE2}"
EndProject
Project("{FAE04EC0-301F-11D3-BF4B-00C04F79EFBC}") = "03.Barcodes", "03.Barcodes\03.Barcodes.csproj", "{4D42B869-CED1-42F9-BE8A-EBD1971E7AC5}"
EndProject
Global
	GlobalSection(SolutionConfigurationPlatforms) = preSolution
		Debug|Any CPU = Debug|Any CPU
		Release|Any CPU = Release|Any CPU
	EndGlobalSection
	GlobalSection(ProjectConfigurationPlatforms) = postSolution
		{C2CB2B1F-C90C-46A7-9BCA-48C6C72C3DAE}.Debug|Any CPU.ActiveCfg = Debug|Any CPU
		{C2CB2B1F-C90C-46A7-9BCA-48C6C72C3DAE}.Debug|Any CPU.Build.0 = Debug|Any CPU
		{C2CB2B1F-C90C-46A7-9BCA-48C6C72C3DAE}.Release|Any CPU.ActiveCfg = Release|Any CPU
		{C2CB2B1F-C90C-46A7-9BCA-48C6C72C3DAE}.Release|Any CPU.Build.0 = Release|Any CPU
		{8D92B16B-CED2-402B-90E5-9D8F478ECDE2}.Debug|Any CPU.ActiveCfg = Debug|Any CPU
		{8D92B16B-CED2-402B-90E5-9D8F478ECDE2}.Debug|Any CPU.Build.0 = Debug|Any CPU
		{8D92B16B-CED2-402B-90E5-9D8F478ECDE2}.Release|Any CPU.ActiveCfg = Release|Any CPU
		{8D92B16B-CED2-402B-90E5-9D8F478ECDE2}.Release|Any CPU.Build.0 = Release|Any CPU
		{4D42B869-CED1-42F9-BE8A-EBD1971E7AC5}.Debug|Any CPU.ActiveCfg = Debug|Any CPU
		{4D42B869-CED1-42F9-BE8A-EBD1971E7AC5}.Debug|Any CPU.Build.0 = Debug|Any CPU
		{4D42B869-CED1-42F9-BE8A-EBD1971E7AC5}.Release|Any CPU.ActiveCfg = Release|Any CPU
		{4D42B869-CED1-42F9-BE8A-EBD1971E7AC5}.Release|Any CPU.Build.0 = Release|Any CPU
	EndGlobalSection
	GlobalSection(SolutionProperties) = preSolution
		HideSolutionNode = FALSE
	EndGlobalSection
EndGlobal
